
Microsoft Visual Studio Solution File, Format Version 11.00
# Visual Web Developer Express 2010
Project("{FAE04EC0-301F-11D3-BF4B-00C04F79EFBC}") = "TextBoxList", "TextBoxList.csproj", "{C141F0DF-E680-4E9B-ACD4-791C1F7086E6}"
EndProject
Global
	GlobalSection(SolutionConfigurationPlatforms) = preSolution
		Debug|Any CPU = Debug|Any CPU
		Release|Any CPU = Release|Any CPU
	EndGlobalSection
	GlobalSection(ProjectConfigurationPlatforms) = postSolution
		{C141F0DF-E680-4E9B-ACD4-791C1F7086E6}.Debug|Any CPU.ActiveCfg = Debug|Any CPU
		{C141F0DF-E680-4E9B-ACD4-791C1F7086E6}.Debug|Any CPU.Build.0 = Debug|Any CPU
		{C141F0DF-E680-4E9B-ACD4-791C1F7086E6}.Release|Any CPU.ActiveCfg = Release|Any CPU
		{C141F0DF-E680-4E9B-ACD4-791C1F7086E6}.Release|Any CPU.Build.0 = Release|Any CPU
	EndGlobalSection
	GlobalSection(SolutionProperties) = preSolution
		HideSolutionNode = FALSE
	EndGlobalSection
EndGlobal
